// !$*UTF8*$!
{
	archiveVersion = 1;
	classes = {
	};
	objectVersion = 56;
	objects = {

/* Begin PBXBuildFile section */
		C80B17C629F4F63200054F92 /* LoginView.swift in Sources */ = {isa = PBXBuildFile; fileRef = C80B17C529F4F63200054F92 /* LoginView.swift */; };
		C80B17C829F5040B00054F92 /* SignInView.swift in Sources */ = {isa = PBXBuildFile; fileRef = C80B17C729F5040B00054F92 /* SignInView.swift */; };
		C80B17CA29F506A000054F92 /* SignPageView.swift in Sources */ = {isa = PBXBuildFile; fileRef = C80B17C929F506A000054F92 /* SignPageView.swift */; };
		C813FB3029F19C9A0004C71E /* MusicPlayerApp.swift in Sources */ = {isa = PBXBuildFile; fileRef = C813FB2F29F19C9A0004C71E /* MusicPlayerApp.swift */; };
		C813FB3229F19C9A0004C71E /* MainView.swift in Sources */ = {isa = PBXBuildFile; fileRef = C813FB3129F19C9A0004C71E /* MainView.swift */; };
		C813FB3429F19C9B0004C71E /* Assets.xcassets in Resources */ = {isa = PBXBuildFile; fileRef = C813FB3329F19C9B0004C71E /* Assets.xcassets */; };
		C813FB3729F19C9B0004C71E /* Preview Assets.xcassets in Resources */ = {isa = PBXBuildFile; fileRef = C813FB3629F19C9B0004C71E /* Preview Assets.xcassets */; };
		C813FB3E29F1A2B60004C71E /* TabCurve.swift in Sources */ = {isa = PBXBuildFile; fileRef = C813FB3D29F1A2B60004C71E /* TabCurve.swift */; };
		C813FB4229F1A2F80004C71E /* CustomTabBarView.swift in Sources */ = {isa = PBXBuildFile; fileRef = C813FB4129F1A2F80004C71E /* CustomTabBarView.swift */; };
		C813FB4429F1A3240004C71E /* TabBarItem.swift in Sources */ = {isa = PBXBuildFile; fileRef = C813FB4329F1A3240004C71E /* TabBarItem.swift */; };
		C813FB4829F1A69C0004C71E /* ProfileView.swift in Sources */ = {isa = PBXBuildFile; fileRef = C813FB4729F1A69C0004C71E /* ProfileView.swift */; };
		C813FB4A29F1A7610004C71E /* PlaylistsView.swift in Sources */ = {isa = PBXBuildFile; fileRef = C813FB4929F1A7610004C71E /* PlaylistsView.swift */; };
		C813FB4F29F1AAFC0004C71E /* HomeView.swift in Sources */ = {isa = PBXBuildFile; fileRef = C813FB4E29F1AAFC0004C71E /* HomeView.swift */; };
		C813FB5129F1AB030004C71E /* SearchView.swift in Sources */ = {isa = PBXBuildFile; fileRef = C813FB5029F1AB030004C71E /* SearchView.swift */; };
		C813FB5729F1AEF70004C71E /* FontAndColors.swift in Sources */ = {isa = PBXBuildFile; fileRef = C813FB5629F1AEF70004C71E /* FontAndColors.swift */; };
		C813FB5929F1C8600004C71E /* ViewExtension.swift in Sources */ = {isa = PBXBuildFile; fileRef = C813FB5829F1C8600004C71E /* ViewExtension.swift */; };
		C813FB5B29F1D2330004C71E /* CreateNewPlaylistView.swift in Sources */ = {isa = PBXBuildFile; fileRef = C813FB5A29F1D2330004C71E /* CreateNewPlaylistView.swift */; };
		C813FB6029F2DBC50004C71E /* Playlist.swift in Sources */ = {isa = PBXBuildFile; fileRef = C813FB5F29F2DBC50004C71E /* Playlist.swift */; };
		C813FB6229F2DCF10004C71E /* ExistingPlaylistsView.swift in Sources */ = {isa = PBXBuildFile; fileRef = C813FB6129F2DCF10004C71E /* ExistingPlaylistsView.swift */; };
		C813FB6429F2FA310004C71E /* PlaylistPage.swift in Sources */ = {isa = PBXBuildFile; fileRef = C813FB6329F2FA310004C71E /* PlaylistPage.swift */; };
		C813FB6629F3C0A60004C71E /* Song.swift in Sources */ = {isa = PBXBuildFile; fileRef = C813FB6529F3C0A60004C71E /* Song.swift */; };
		C81DCB932A02D709006BA515 /* SongInfo.swift in Sources */ = {isa = PBXBuildFile; fileRef = C81DCB922A02D709006BA515 /* SongInfo.swift */; };
		C81DCB952A02D71A006BA515 /* ExpandedButtomSheet.swift in Sources */ = {isa = PBXBuildFile; fileRef = C81DCB942A02D71A006BA515 /* ExpandedButtomSheet.swift */; };
		C81DCB982A041B3C006BA515 /* SDWebImageSwiftUI in Frameworks */ = {isa = PBXBuildFile; productRef = C81DCB972A041B3C006BA515 /* SDWebImageSwiftUI */; };
		C81DCB9B2A041BC2006BA515 /* ProfileViewModel.swift in Sources */ = {isa = PBXBuildFile; fileRef = C81DCB9A2A041BC2006BA515 /* ProfileViewModel.swift */; };
		C81DCB9D2A041C17006BA515 /* User.swift in Sources */ = {isa = PBXBuildFile; fileRef = C81DCB9C2A041C17006BA515 /* User.swift */; };
		C840553029FFF0A10057F774 /* Сategories.swift in Sources */ = {isa = PBXBuildFile; fileRef = C840552F29FFF0A10057F774 /* Сategories.swift */; };
		C840553329FFF20B0057F774 /* CategoriesView.swift in Sources */ = {isa = PBXBuildFile; fileRef = C840553229FFF20B0057F774 /* CategoriesView.swift */; };
		C84055352A00009B0057F774 /* CategoryView.swift in Sources */ = {isa = PBXBuildFile; fileRef = C84055342A00009B0057F774 /* CategoryView.swift */; };
		C840553A2A000D3A0057F774 /* CategoriesViewModel.swift in Sources */ = {isa = PBXBuildFile; fileRef = C84055392A000D3A0057F774 /* CategoriesViewModel.swift */; };
		C840553E2A0224D40057F774 /* CategoryViewModel.swift in Sources */ = {isa = PBXBuildFile; fileRef = C840553D2A0224D40057F774 /* CategoryViewModel.swift */; };
		C85800C329F3C80E00ADD0BB /* AddSongsView.swift in Sources */ = {isa = PBXBuildFile; fileRef = C85800C229F3C80E00ADD0BB /* AddSongsView.swift */; };
		C85800C529F3DA1900ADD0BB /* ReusableSongCard.swift in Sources */ = {isa = PBXBuildFile; fileRef = C85800C429F3DA1900ADD0BB /* ReusableSongCard.swift */; };
		C8AA0C8829F836E800FF93A4 /* LoginShape.swift in Sources */ = {isa = PBXBuildFile; fileRef = C8AA0C8729F836E800FF93A4 /* LoginShape.swift */; };
		C8AA0C8B29F8372400FF93A4 /* SignInShape.swift in Sources */ = {isa = PBXBuildFile; fileRef = C8AA0C8A29F8372400FF93A4 /* SignInShape.swift */; };
		C8AA0C8D29F83DA000FF93A4 /* Images.swift in Sources */ = {isa = PBXBuildFile; fileRef = C8AA0C8C29F83DA000FF93A4 /* Images.swift */; };
		C8AA0C9029F83E6C00FF93A4 /* LoginViewModel.swift in Sources */ = {isa = PBXBuildFile; fileRef = C8AA0C8F29F83E6C00FF93A4 /* LoginViewModel.swift */; };
		C8AA0C9629F84B4400FF93A4 /* SignInViewModel.swift in Sources */ = {isa = PBXBuildFile; fileRef = C8AA0C9529F84B4400FF93A4 /* SignInViewModel.swift */; };
		C8AA0C9A29F8F07700FF93A4 /* CreateNewPlaylistViewModel.swift in Sources */ = {isa = PBXBuildFile; fileRef = C8AA0C9929F8F07700FF93A4 /* CreateNewPlaylistViewModel.swift */; };
		C8AA0C9C29F8F7E200FF93A4 /* AddSongsViewModel.swift in Sources */ = {isa = PBXBuildFile; fileRef = C8AA0C9B29F8F7E200FF93A4 /* AddSongsViewModel.swift */; };
		C8AA0C9F29F8FAC600FF93A4 /* PlaylistsViewModel.swift in Sources */ = {isa = PBXBuildFile; fileRef = C8AA0C9E29F8FAC600FF93A4 /* PlaylistsViewModel.swift */; };
		C8AA0CA429F9076800FF93A4 /* ReusableSongCardViewModel.swift in Sources */ = {isa = PBXBuildFile; fileRef = C8AA0CA329F9076800FF93A4 /* ReusableSongCardViewModel.swift */; };
		C8AA0CA929F90C2100FF93A4 /* TabBarViewModel.swift in Sources */ = {isa = PBXBuildFile; fileRef = C8AA0CA829F90C2100FF93A4 /* TabBarViewModel.swift */; };
		C8C86F3329F98CE2004D6697 /* LoadingView.swift in Sources */ = {isa = PBXBuildFile; fileRef = C8C86F3229F98CE2004D6697 /* LoadingView.swift */; };
		C8C86F3829FA73B6004D6697 /* AddSongsCard.swift in Sources */ = {isa = PBXBuildFile; fileRef = C8C86F3729FA73B6004D6697 /* AddSongsCard.swift */; };
/* End PBXBuildFile section */

/* Begin PBXFileReference section */
		C80B17C529F4F63200054F92 /* LoginView.swift */ = {isa = PBXFileReference; lastKnownFileType = sourcecode.swift; path = LoginView.swift; sourceTree = "<group>"; };
		C80B17C729F5040B00054F92 /* SignInView.swift */ = {isa = PBXFileReference; lastKnownFileType = sourcecode.swift; path = SignInView.swift; sourceTree = "<group>"; };
		C80B17C929F506A000054F92 /* SignPageView.swift */ = {isa = PBXFileReference; lastKnownFileType = sourcecode.swift; path = SignPageView.swift; sourceTree = "<group>"; };
		C813FB2C29F19C9A0004C71E /* MusicPlayer.app */ = {isa = PBXFileReference; explicitFileType = wrapper.application; includeInIndex = 0; path = MusicPlayer.app; sourceTree = BUILT_PRODUCTS_DIR; };
		C813FB2F29F19C9A0004C71E /* MusicPlayerApp.swift */ = {isa = PBXFileReference; lastKnownFileType = sourcecode.swift; path = MusicPlayerApp.swift; sourceTree = "<group>"; };
		C813FB3129F19C9A0004C71E /* MainView.swift */ = {isa = PBXFileReference; lastKnownFileType = sourcecode.swift; path = MainView.swift; sourceTree = "<group>"; };
		C813FB3329F19C9B0004C71E /* Assets.xcassets */ = {isa = PBXFileReference; lastKnownFileType = folder.assetcatalog; path = Assets.xcassets; sourceTree = "<group>"; };
		C813FB3629F19C9B0004C71E /* Preview Assets.xcassets */ = {isa = PBXFileReference; lastKnownFileType = folder.assetcatalog; path = "Preview Assets.xcassets"; sourceTree = "<group>"; };
		C813FB3D29F1A2B60004C71E /* TabCurve.swift */ = {isa = PBXFileReference; lastKnownFileType = sourcecode.swift; path = TabCurve.swift; sourceTree = "<group>"; };
		C813FB4129F1A2F80004C71E /* CustomTabBarView.swift */ = {isa = PBXFileReference; lastKnownFileType = sourcecode.swift; path = CustomTabBarView.swift; sourceTree = "<group>"; };
		C813FB4329F1A3240004C71E /* TabBarItem.swift */ = {isa = PBXFileReference; lastKnownFileType = sourcecode.swift; path = TabBarItem.swift; sourceTree = "<group>"; };
		C813FB4729F1A69C0004C71E /* ProfileView.swift */ = {isa = PBXFileReference; lastKnownFileType = sourcecode.swift; path = ProfileView.swift; sourceTree = "<group>"; };
		C813FB4929F1A7610004C71E /* PlaylistsView.swift */ = {isa = PBXFileReference; lastKnownFileType = sourcecode.swift; path = PlaylistsView.swift; sourceTree = "<group>"; };
		C813FB4E29F1AAFC0004C71E /* HomeView.swift */ = {isa = PBXFileReference; lastKnownFileType = sourcecode.swift; path = HomeView.swift; sourceTree = "<group>"; };
		C813FB5029F1AB030004C71E /* SearchView.swift */ = {isa = PBXFileReference; lastKnownFileType = sourcecode.swift; path = SearchView.swift; sourceTree = "<group>"; };
		C813FB5629F1AEF70004C71E /* FontAndColors.swift */ = {isa = PBXFileReference; lastKnownFileType = sourcecode.swift; path = FontAndColors.swift; sourceTree = "<group>"; };
		C813FB5829F1C8600004C71E /* ViewExtension.swift */ = {isa = PBXFileReference; lastKnownFileType = sourcecode.swift; path = ViewExtension.swift; sourceTree = "<group>"; };
		C813FB5A29F1D2330004C71E /* CreateNewPlaylistView.swift */ = {isa = PBXFileReference; lastKnownFileType = sourcecode.swift; path = CreateNewPlaylistView.swift; sourceTree = "<group>"; };
		C813FB5F29F2DBC50004C71E /* Playlist.swift */ = {isa = PBXFileReference; lastKnownFileType = sourcecode.swift; path = Playlist.swift; sourceTree = "<group>"; };
		C813FB6129F2DCF10004C71E /* ExistingPlaylistsView.swift */ = {isa = PBXFileReference; lastKnownFileType = sourcecode.swift; path = ExistingPlaylistsView.swift; sourceTree = "<group>"; };
		C813FB6329F2FA310004C71E /* PlaylistPage.swift */ = {isa = PBXFileReference; lastKnownFileType = sourcecode.swift; path = PlaylistPage.swift; sourceTree = "<group>"; };
		C813FB6529F3C0A60004C71E /* Song.swift */ = {isa = PBXFileReference; lastKnownFileType = sourcecode.swift; path = Song.swift; sourceTree = "<group>"; };
		C81DCB922A02D709006BA515 /* SongInfo.swift */ = {isa = PBXFileReference; lastKnownFileType = sourcecode.swift; path = SongInfo.swift; sourceTree = "<group>"; };
		C81DCB942A02D71A006BA515 /* ExpandedButtomSheet.swift */ = {isa = PBXFileReference; lastKnownFileType = sourcecode.swift; path = ExpandedButtomSheet.swift; sourceTree = "<group>"; };
		C81DCB9A2A041BC2006BA515 /* ProfileViewModel.swift */ = {isa = PBXFileReference; lastKnownFileType = sourcecode.swift; path = ProfileViewModel.swift; sourceTree = "<group>"; };
		C81DCB9C2A041C17006BA515 /* User.swift */ = {isa = PBXFileReference; lastKnownFileType = sourcecode.swift; path = User.swift; sourceTree = "<group>"; };
		C840552F29FFF0A10057F774 /* Сategories.swift */ = {isa = PBXFileReference; lastKnownFileType = sourcecode.swift; path = "Сategories.swift"; sourceTree = "<group>"; };
		C840553229FFF20B0057F774 /* CategoriesView.swift */ = {isa = PBXFileReference; lastKnownFileType = sourcecode.swift; path = CategoriesView.swift; sourceTree = "<group>"; };
		C84055342A00009B0057F774 /* CategoryView.swift */ = {isa = PBXFileReference; lastKnownFileType = sourcecode.swift; path = CategoryView.swift; sourceTree = "<group>"; };
		C84055392A000D3A0057F774 /* CategoriesViewModel.swift */ = {isa = PBXFileReference; lastKnownFileType = sourcecode.swift; path = CategoriesViewModel.swift; sourceTree = "<group>"; };
		C840553D2A0224D40057F774 /* CategoryViewModel.swift */ = {isa = PBXFileReference; lastKnownFileType = sourcecode.swift; path = CategoryViewModel.swift; sourceTree = "<group>"; };
		C85800C229F3C80E00ADD0BB /* AddSongsView.swift */ = {isa = PBXFileReference; lastKnownFileType = sourcecode.swift; path = AddSongsView.swift; sourceTree = "<group>"; };
		C85800C429F3DA1900ADD0BB /* ReusableSongCard.swift */ = {isa = PBXFileReference; lastKnownFileType = sourcecode.swift; path = ReusableSongCard.swift; sourceTree = "<group>"; };
		C8AA0C8729F836E800FF93A4 /* LoginShape.swift */ = {isa = PBXFileReference; lastKnownFileType = sourcecode.swift; path = LoginShape.swift; sourceTree = "<group>"; };
		C8AA0C8A29F8372400FF93A4 /* SignInShape.swift */ = {isa = PBXFileReference; lastKnownFileType = sourcecode.swift; path = SignInShape.swift; sourceTree = "<group>"; };
		C8AA0C8C29F83DA000FF93A4 /* Images.swift */ = {isa = PBXFileReference; lastKnownFileType = sourcecode.swift; path = Images.swift; sourceTree = "<group>"; };
		C8AA0C8F29F83E6C00FF93A4 /* LoginViewModel.swift */ = {isa = PBXFileReference; lastKnownFileType = sourcecode.swift; path = LoginViewModel.swift; sourceTree = "<group>"; };
		C8AA0C9529F84B4400FF93A4 /* SignInViewModel.swift */ = {isa = PBXFileReference; lastKnownFileType = sourcecode.swift; path = SignInViewModel.swift; sourceTree = "<group>"; };
		C8AA0C9929F8F07700FF93A4 /* CreateNewPlaylistViewModel.swift */ = {isa = PBXFileReference; lastKnownFileType = sourcecode.swift; path = CreateNewPlaylistViewModel.swift; sourceTree = "<group>"; };
		C8AA0C9B29F8F7E200FF93A4 /* AddSongsViewModel.swift */ = {isa = PBXFileReference; lastKnownFileType = sourcecode.swift; path = AddSongsViewModel.swift; sourceTree = "<group>"; };
		C8AA0C9E29F8FAC600FF93A4 /* PlaylistsViewModel.swift */ = {isa = PBXFileReference; lastKnownFileType = sourcecode.swift; path = PlaylistsViewModel.swift; sourceTree = "<group>"; };
		C8AA0CA329F9076800FF93A4 /* ReusableSongCardViewModel.swift */ = {isa = PBXFileReference; lastKnownFileType = sourcecode.swift; path = ReusableSongCardViewModel.swift; sourceTree = "<group>"; };
		C8AA0CA829F90C2100FF93A4 /* TabBarViewModel.swift */ = {isa = PBXFileReference; lastKnownFileType = sourcecode.swift; path = TabBarViewModel.swift; sourceTree = "<group>"; };
		C8C86F3229F98CE2004D6697 /* LoadingView.swift */ = {isa = PBXFileReference; lastKnownFileType = sourcecode.swift; path = LoadingView.swift; sourceTree = "<group>"; };
		C8C86F3729FA73B6004D6697 /* AddSongsCard.swift */ = {isa = PBXFileReference; lastKnownFileType = sourcecode.swift; path = AddSongsCard.swift; sourceTree = "<group>"; };
/* End PBXFileReference section */

/* Begin PBXFrameworksBuildPhase section */
		C813FB2929F19C9A0004C71E /* Frameworks */ = {
			isa = PBXFrameworksBuildPhase;
			buildActionMask = 2147483647;
			files = (
				C81DCB982A041B3C006BA515 /* SDWebImageSwiftUI in Frameworks */,
			);
			runOnlyForDeploymentPostprocessing = 0;
		};
/* End PBXFrameworksBuildPhase section */

/* Begin PBXGroup section */
		C80B17C329F4F5F900054F92 /* Main */ = {
			isa = PBXGroup;
			children = (
				C813FB3129F19C9A0004C71E /* MainView.swift */,
				C813FB4C29F1AAE20004C71E /* Home */,
				C813FB4B29F1AAD00004C71E /* Playlists */,
				C813FB4D29F1AAE90004C71E /* Search */,
				C813FB4629F1A6900004C71E /* Profile */,
				C813FB4029F1A2D30004C71E /* Additional */,
			);
			path = Main;
			sourceTree = "<group>";
		};
		C80B17C429F4F62700054F92 /* Auth */ = {
			isa = PBXGroup;
			children = (
				C80B17C529F4F63200054F92 /* LoginView.swift */,
				C80B17C729F5040B00054F92 /* SignInView.swift */,
				C80B17C929F506A000054F92 /* SignPageView.swift */,
				C8AA0C8629F836DE00FF93A4 /* Shapes */,
			);
			path = Auth;
			sourceTree = "<group>";
		};
		C813FB2329F19C9A0004C71E = {
			isa = PBXGroup;
			children = (
				C813FB2E29F19C9A0004C71E /* MusicPlayer */,
				C813FB2D29F19C9A0004C71E /* Products */,
			);
			sourceTree = "<group>";
		};
		C813FB2D29F19C9A0004C71E /* Products */ = {
			isa = PBXGroup;
			children = (
				C813FB2C29F19C9A0004C71E /* MusicPlayer.app */,
			);
			name = Products;
			sourceTree = "<group>";
		};
		C813FB2E29F19C9A0004C71E /* MusicPlayer */ = {
			isa = PBXGroup;
			children = (
				C813FB2F29F19C9A0004C71E /* MusicPlayerApp.swift */,
				C813FB5E29F2DBB90004C71E /* Models */,
				C813FB3F29F1A2CE0004C71E /* Views */,
				C8AA0C8E29F83E5E00FF93A4 /* ViewModels */,
				C813FB5529F1AEE70004C71E /* Extensions */,
				C813FB3329F19C9B0004C71E /* Assets.xcassets */,
				C813FB3529F19C9B0004C71E /* Preview Content */,
			);
			path = MusicPlayer;
			sourceTree = "<group>";
		};
		C813FB3529F19C9B0004C71E /* Preview Content */ = {
			isa = PBXGroup;
			children = (
				C813FB3629F19C9B0004C71E /* Preview Assets.xcassets */,
			);
			path = "Preview Content";
			sourceTree = "<group>";
		};
		C813FB3F29F1A2CE0004C71E /* Views */ = {
			isa = PBXGroup;
			children = (
				C80B17C429F4F62700054F92 /* Auth */,
				C80B17C329F4F5F900054F92 /* Main */,
			);
			path = Views;
			sourceTree = "<group>";
		};
		C813FB4029F1A2D30004C71E /* Additional */ = {
			isa = PBXGroup;
			children = (
				C81DCB912A02D6F1006BA515 /* BottomSheet */,
				C813FB4529F1A3300004C71E /* TabBar */,
				C8C86F3429FA5CE6004D6697 /* Loading */,
			);
			path = Additional;
			sourceTree = "<group>";
		};
		C813FB4529F1A3300004C71E /* TabBar */ = {
			isa = PBXGroup;
			children = (
				C813FB4129F1A2F80004C71E /* CustomTabBarView.swift */,
				C813FB4329F1A3240004C71E /* TabBarItem.swift */,
				C813FB3D29F1A2B60004C71E /* TabCurve.swift */,
			);
			path = TabBar;
			sourceTree = "<group>";
		};
		C813FB4629F1A6900004C71E /* Profile */ = {
			isa = PBXGroup;
			children = (
				C813FB4729F1A69C0004C71E /* ProfileView.swift */,
			);
			path = Profile;
			sourceTree = "<group>";
		};
		C813FB4B29F1AAD00004C71E /* Playlists */ = {
			isa = PBXGroup;
			children = (
				C85800C829F43FD400ADD0BB /* PlaylistsView */,
				C85800C629F43E7E00ADD0BB /* CreateNewPlaylist */,
				C8AA0CA629F90A5100FF93A4 /* PlaylistPage */,
				C8AA0CA529F90A3E00FF93A4 /* Reusable */,
			);
			path = Playlists;
			sourceTree = "<group>";
		};
		C813FB4C29F1AAE20004C71E /* Home */ = {
			isa = PBXGroup;
			children = (
				C813FB4E29F1AAFC0004C71E /* HomeView.swift */,
				C840553129FFF1FA0057F774 /* Categories */,
			);
			path = Home;
			sourceTree = "<group>";
		};
		C813FB4D29F1AAE90004C71E /* Search */ = {
			isa = PBXGroup;
			children = (
				C813FB5029F1AB030004C71E /* SearchView.swift */,
			);
			path = Search;
			sourceTree = "<group>";
		};
		C813FB5529F1AEE70004C71E /* Extensions */ = {
			isa = PBXGroup;
			children = (
				C813FB5629F1AEF70004C71E /* FontAndColors.swift */,
				C813FB5829F1C8600004C71E /* ViewExtension.swift */,
				C8AA0C8C29F83DA000FF93A4 /* Images.swift */,
			);
			path = Extensions;
			sourceTree = "<group>";
		};
		C813FB5E29F2DBB90004C71E /* Models */ = {
			isa = PBXGroup;
			children = (
				C813FB5F29F2DBC50004C71E /* Playlist.swift */,
				C813FB6529F3C0A60004C71E /* Song.swift */,
				C840552F29FFF0A10057F774 /* Сategories.swift */,
				C81DCB9C2A041C17006BA515 /* User.swift */,
			);
			path = Models;
			sourceTree = "<group>";
		};
		C81DCB912A02D6F1006BA515 /* BottomSheet */ = {
			isa = PBXGroup;
			children = (
				C81DCB922A02D709006BA515 /* SongInfo.swift */,
				C81DCB942A02D71A006BA515 /* ExpandedButtomSheet.swift */,
			);
			path = BottomSheet;
			sourceTree = "<group>";
		};
		C81DCB992A041BB8006BA515 /* Profile */ = {
			isa = PBXGroup;
			children = (
				C81DCB9A2A041BC2006BA515 /* ProfileViewModel.swift */,
			);
			path = Profile;
			sourceTree = "<group>";
		};
		C840553129FFF1FA0057F774 /* Categories */ = {
			isa = PBXGroup;
			children = (
				C840553229FFF20B0057F774 /* CategoriesView.swift */,
				C84055342A00009B0057F774 /* CategoryView.swift */,
			);
			path = Categories;
			sourceTree = "<group>";
		};
		C84055382A000D250057F774 /* Categories */ = {
			isa = PBXGroup;
			children = (
				C84055392A000D3A0057F774 /* CategoriesViewModel.swift */,
				C840553D2A0224D40057F774 /* CategoryViewModel.swift */,
			);
			path = Categories;
			sourceTree = "<group>";
		};
		C85800C629F43E7E00ADD0BB /* CreateNewPlaylist */ = {
			isa = PBXGroup;
			children = (
				C813FB5A29F1D2330004C71E /* CreateNewPlaylistView.swift */,
				C8AA0CA029F9016E00FF93A4 /* AddSongs */,
			);
			path = CreateNewPlaylist;
			sourceTree = "<group>";
		};
		C85800C829F43FD400ADD0BB /* PlaylistsView */ = {
			isa = PBXGroup;
			children = (
				C813FB4929F1A7610004C71E /* PlaylistsView.swift */,
				C813FB6129F2DCF10004C71E /* ExistingPlaylistsView.swift */,
			);
			path = PlaylistsView;
			sourceTree = "<group>";
		};
		C8AA0C8629F836DE00FF93A4 /* Shapes */ = {
			isa = PBXGroup;
			children = (
				C8AA0C8729F836E800FF93A4 /* LoginShape.swift */,
				C8AA0C8A29F8372400FF93A4 /* SignInShape.swift */,
			);
			path = Shapes;
			sourceTree = "<group>";
		};
		C8AA0C8E29F83E5E00FF93A4 /* ViewModels */ = {
			isa = PBXGroup;
			children = (
				C81DCB992A041BB8006BA515 /* Profile */,
				C84055382A000D250057F774 /* Categories */,
				C8AA0C9729F8EECB00FF93A4 /* Auth */,
				C8AA0CA129F9073000FF93A4 /* Playlists */,
				C8AA0CA729F90C0F00FF93A4 /* Additional */,
			);
			path = ViewModels;
			sourceTree = "<group>";
		};
		C8AA0C9729F8EECB00FF93A4 /* Auth */ = {
			isa = PBXGroup;
			children = (
				C8AA0C8F29F83E6C00FF93A4 /* LoginViewModel.swift */,
				C8AA0C9529F84B4400FF93A4 /* SignInViewModel.swift */,
			);
			path = Auth;
			sourceTree = "<group>";
		};
		C8AA0C9829F8EED500FF93A4 /* CreateNewPlaylist */ = {
			isa = PBXGroup;
			children = (
				C8AA0C9929F8F07700FF93A4 /* CreateNewPlaylistViewModel.swift */,
			);
			path = CreateNewPlaylist;
			sourceTree = "<group>";
		};
		C8AA0C9D29F8FAB200FF93A4 /* PlaylistsViewModel */ = {
			isa = PBXGroup;
			children = (
				C8AA0C9E29F8FAC600FF93A4 /* PlaylistsViewModel.swift */,
			);
			path = PlaylistsViewModel;
			sourceTree = "<group>";
		};
		C8AA0CA029F9016E00FF93A4 /* AddSongs */ = {
			isa = PBXGroup;
			children = (
				C85800C229F3C80E00ADD0BB /* AddSongsView.swift */,
				C8C86F3729FA73B6004D6697 /* AddSongsCard.swift */,
			);
			path = AddSongs;
			sourceTree = "<group>";
		};
		C8AA0CA129F9073000FF93A4 /* Playlists */ = {
			isa = PBXGroup;
			children = (
				C8AA0C9D29F8FAB200FF93A4 /* PlaylistsViewModel */,
				C8AA0C9829F8EED500FF93A4 /* CreateNewPlaylist */,
				C8AA0CA229F9075400FF93A4 /* AddSongsViewModel */,
			);
			path = Playlists;
			sourceTree = "<group>";
		};
		C8AA0CA229F9075400FF93A4 /* AddSongsViewModel */ = {
			isa = PBXGroup;
			children = (
				C8AA0C9B29F8F7E200FF93A4 /* AddSongsViewModel.swift */,
				C8AA0CA329F9076800FF93A4 /* ReusableSongCardViewModel.swift */,
			);
			path = AddSongsViewModel;
			sourceTree = "<group>";
		};
		C8AA0CA529F90A3E00FF93A4 /* Reusable */ = {
			isa = PBXGroup;
			children = (
				C85800C429F3DA1900ADD0BB /* ReusableSongCard.swift */,
			);
			path = Reusable;
			sourceTree = "<group>";
		};
		C8AA0CA629F90A5100FF93A4 /* PlaylistPage */ = {
			isa = PBXGroup;
			children = (
				C813FB6329F2FA310004C71E /* PlaylistPage.swift */,
			);
			path = PlaylistPage;
			sourceTree = "<group>";
		};
		C8AA0CA729F90C0F00FF93A4 /* Additional */ = {
			isa = PBXGroup;
			children = (
				C8AA0CA829F90C2100FF93A4 /* TabBarViewModel.swift */,
			);
			path = Additional;
			sourceTree = "<group>";
		};
		C8C86F3429FA5CE6004D6697 /* Loading */ = {
			isa = PBXGroup;
			children = (
				C8C86F3229F98CE2004D6697 /* LoadingView.swift */,
			);
			path = Loading;
			sourceTree = "<group>";
		};
/* End PBXGroup section */

/* Begin PBXNativeTarget section */
		C813FB2B29F19C9A0004C71E /* MusicPlayer */ = {
			isa = PBXNativeTarget;
			buildConfigurationList = C813FB3A29F19C9B0004C71E /* Build configuration list for PBXNativeTarget "MusicPlayer" */;
			buildPhases = (
				C813FB2829F19C9A0004C71E /* Sources */,
				C813FB2929F19C9A0004C71E /* Frameworks */,
				C813FB2A29F19C9A0004C71E /* Resources */,
			);
			buildRules = (
			);
			dependencies = (
			);
			name = MusicPlayer;
			packageProductDependencies = (
				C81DCB972A041B3C006BA515 /* SDWebImageSwiftUI */,
			);
			productName = MusicPlayer;
			productReference = C813FB2C29F19C9A0004C71E /* MusicPlayer.app */;
			productType = "com.apple.product-type.application";
		};
/* End PBXNativeTarget section */

/* Begin PBXProject section */
		C813FB2429F19C9A0004C71E /* Project object */ = {
			isa = PBXProject;
			attributes = {
				BuildIndependentTargetsInParallel = 1;
				LastSwiftUpdateCheck = 1430;
				LastUpgradeCheck = 1430;
				TargetAttributes = {
					C813FB2B29F19C9A0004C71E = {
						CreatedOnToolsVersion = 14.3;
					};
				};
			};
			buildConfigurationList = C813FB2729F19C9A0004C71E /* Build configuration list for PBXProject "MusicPlayer" */;
			compatibilityVersion = "Xcode 14.0";
			developmentRegion = en;
			hasScannedForEncodings = 0;
			knownRegions = (
				en,
				Base,
			);
			mainGroup = C813FB2329F19C9A0004C71E;
			packageReferences = (
				C81DCB962A041B3C006BA515 /* XCRemoteSwiftPackageReference "SDWebImageSwiftUI" */,
			);
			productRefGroup = C813FB2D29F19C9A0004C71E /* Products */;
			projectDirPath = "";
			projectRoot = "";
			targets = (
				C813FB2B29F19C9A0004C71E /* MusicPlayer */,
			);
		};
/* End PBXProject section */

/* Begin PBXResourcesBuildPhase section */
		C813FB2A29F19C9A0004C71E /* Resources */ = {
			isa = PBXResourcesBuildPhase;
			buildActionMask = 2147483647;
			files = (
				C813FB3729F19C9B0004C71E /* Preview Assets.xcassets in Resources */,
				C813FB3429F19C9B0004C71E /* Assets.xcassets in Resources */,
			);
			runOnlyForDeploymentPostprocessing = 0;
		};
/* End PBXResourcesBuildPhase section */

/* Begin PBXSourcesBuildPhase section */
		C813FB2829F19C9A0004C71E /* Sources */ = {
			isa = PBXSourcesBuildPhase;
			buildActionMask = 2147483647;
			files = (
				C813FB5729F1AEF70004C71E /* FontAndColors.swift in Sources */,
				C81DCB952A02D71A006BA515 /* ExpandedButtomSheet.swift in Sources */,
				C813FB6229F2DCF10004C71E /* ExistingPlaylistsView.swift in Sources */,
				C813FB3229F19C9A0004C71E /* MainView.swift in Sources */,
				C813FB5129F1AB030004C71E /* SearchView.swift in Sources */,
				C85800C529F3DA1900ADD0BB /* ReusableSongCard.swift in Sources */,
				C81DCB9B2A041BC2006BA515 /* ProfileViewModel.swift in Sources */,
				C8AA0C8B29F8372400FF93A4 /* SignInShape.swift in Sources */,
				C840553029FFF0A10057F774 /* Сategories.swift in Sources */,
				C813FB6029F2DBC50004C71E /* Playlist.swift in Sources */,
				C813FB3E29F1A2B60004C71E /* TabCurve.swift in Sources */,
				C8AA0CA929F90C2100FF93A4 /* TabBarViewModel.swift in Sources */,
				C8AA0C9029F83E6C00FF93A4 /* LoginViewModel.swift in Sources */,
				C813FB4429F1A3240004C71E /* TabBarItem.swift in Sources */,
				C840553E2A0224D40057F774 /* CategoryViewModel.swift in Sources */,
				C840553329FFF20B0057F774 /* CategoriesView.swift in Sources */,
				C8C86F3829FA73B6004D6697 /* AddSongsCard.swift in Sources */,
				C80B17C829F5040B00054F92 /* SignInView.swift in Sources */,
				C813FB4A29F1A7610004C71E /* PlaylistsView.swift in Sources */,
				C8AA0C9F29F8FAC600FF93A4 /* PlaylistsViewModel.swift in Sources */,
				C8C86F3329F98CE2004D6697 /* LoadingView.swift in Sources */,
				C813FB5B29F1D2330004C71E /* CreateNewPlaylistView.swift in Sources */,
				C813FB5929F1C8600004C71E /* ViewExtension.swift in Sources */,
				C85800C329F3C80E00ADD0BB /* AddSongsView.swift in Sources */,
				C840553A2A000D3A0057F774 /* CategoriesViewModel.swift in Sources */,
				C813FB3029F19C9A0004C71E /* MusicPlayerApp.swift in Sources */,
				C80B17CA29F506A000054F92 /* SignPageView.swift in Sources */,
				C813FB4F29F1AAFC0004C71E /* HomeView.swift in Sources */,
				C8AA0C9C29F8F7E200FF93A4 /* AddSongsViewModel.swift in Sources */,
				C81DCB932A02D709006BA515 /* SongInfo.swift in Sources */,
				C813FB6429F2FA310004C71E /* PlaylistPage.swift in Sources */,
				C813FB4829F1A69C0004C71E /* ProfileView.swift in Sources */,
				C813FB6629F3C0A60004C71E /* Song.swift in Sources */,
				C84055352A00009B0057F774 /* CategoryView.swift in Sources */,
				C8AA0C9A29F8F07700FF93A4 /* CreateNewPlaylistViewModel.swift in Sources */,
				C8AA0CA429F9076800FF93A4 /* ReusableSongCardViewModel.swift in Sources */,
				C8AA0C8829F836E800FF93A4 /* LoginShape.swift in Sources */,
				C8AA0C9629F84B4400FF93A4 /* SignInViewModel.swift in Sources */,
				C80B17C629F4F63200054F92 /* LoginView.swift in Sources */,
				C8AA0C8D29F83DA000FF93A4 /* Images.swift in Sources */,
				C813FB4229F1A2F80004C71E /* CustomTabBarView.swift in Sources */,
				C81DCB9D2A041C17006BA515 /* User.swift in Sources */,
			);
			runOnlyForDeploymentPostprocessing = 0;
		};
/* End PBXSourcesBuildPhase section */

/* Begin XCBuildConfiguration section */
		C813FB3829F19C9B0004C71E /* Debug */ = {
			isa = XCBuildConfiguration;
			buildSettings = {
				ALWAYS_SEARCH_USER_PATHS = NO;
				CLANG_ANALYZER_NONNULL = YES;
				CLANG_ANALYZER_NUMBER_OBJECT_CONVERSION = YES_AGGRESSIVE;
				CLANG_CXX_LANGUAGE_STANDARD = "gnu++20";
				CLANG_ENABLE_MODULES = YES;
				CLANG_ENABLE_OBJC_ARC = YES;
				CLANG_ENABLE_OBJC_WEAK = YES;
				CLANG_WARN_BLOCK_CAPTURE_AUTORELEASING = YES;
				CLANG_WARN_BOOL_CONVERSION = YES;
				CLANG_WARN_COMMA = YES;
				CLANG_WARN_CONSTANT_CONVERSION = YES;
				CLANG_WARN_DEPRECATED_OBJC_IMPLEMENTATIONS = YES;
				CLANG_WARN_DIRECT_OBJC_ISA_USAGE = YES_ERROR;
				CLANG_WARN_DOCUMENTATION_COMMENTS = YES;
				CLANG_WARN_EMPTY_BODY = YES;
				CLANG_WARN_ENUM_CONVERSION = YES;
				CLANG_WARN_INFINITE_RECURSION = YES;
				CLANG_WARN_INT_CONVERSION = YES;
				CLANG_WARN_NON_LITERAL_NULL_CONVERSION = YES;
				CLANG_WARN_OBJC_IMPLICIT_RETAIN_SELF = YES;
				CLANG_WARN_OBJC_LITERAL_CONVERSION = YES;
				CLANG_WARN_OBJC_ROOT_CLASS = YES_ERROR;
				CLANG_WARN_QUOTED_INCLUDE_IN_FRAMEWORK_HEADER = YES;
				CLANG_WARN_RANGE_LOOP_ANALYSIS = YES;
				CLANG_WARN_STRICT_PROTOTYPES = YES;
				CLANG_WARN_SUSPICIOUS_MOVE = YES;
				CLANG_WARN_UNGUARDED_AVAILABILITY = YES_AGGRESSIVE;
				CLANG_WARN_UNREACHABLE_CODE = YES;
				CLANG_WARN__DUPLICATE_METHOD_MATCH = YES;
				COPY_PHASE_STRIP = NO;
				DEBUG_INFORMATION_FORMAT = dwarf;
				ENABLE_STRICT_OBJC_MSGSEND = YES;
				ENABLE_TESTABILITY = YES;
				GCC_C_LANGUAGE_STANDARD = gnu11;
				GCC_DYNAMIC_NO_PIC = NO;
				GCC_NO_COMMON_BLOCKS = YES;
				GCC_OPTIMIZATION_LEVEL = 0;
				GCC_PREPROCESSOR_DEFINITIONS = (
					"DEBUG=1",
					"$(inherited)",
				);
				GCC_WARN_64_TO_32_BIT_CONVERSION = YES;
				GCC_WARN_ABOUT_RETURN_TYPE = YES_ERROR;
				GCC_WARN_UNDECLARED_SELECTOR = YES;
				GCC_WARN_UNINITIALIZED_AUTOS = YES_AGGRESSIVE;
				GCC_WARN_UNUSED_FUNCTION = YES;
				GCC_WARN_UNUSED_VARIABLE = YES;
				IPHONEOS_DEPLOYMENT_TARGET = 16.4;
				MTL_ENABLE_DEBUG_INFO = INCLUDE_SOURCE;
				MTL_FAST_MATH = YES;
				ONLY_ACTIVE_ARCH = YES;
				SDKROOT = iphoneos;
				SWIFT_ACTIVE_COMPILATION_CONDITIONS = DEBUG;
				SWIFT_OPTIMIZATION_LEVEL = "-Onone";
			};
			name = Debug;
		};
		C813FB3929F19C9B0004C71E /* Release */ = {
			isa = XCBuildConfiguration;
			buildSettings = {
				ALWAYS_SEARCH_USER_PATHS = NO;
				CLANG_ANALYZER_NONNULL = YES;
				CLANG_ANALYZER_NUMBER_OBJECT_CONVERSION = YES_AGGRESSIVE;
				CLANG_CXX_LANGUAGE_STANDARD = "gnu++20";
				CLANG_ENABLE_MODULES = YES;
				CLANG_ENABLE_OBJC_ARC = YES;
				CLANG_ENABLE_OBJC_WEAK = YES;
				CLANG_WARN_BLOCK_CAPTURE_AUTORELEASING = YES;
				CLANG_WARN_BOOL_CONVERSION = YES;
				CLANG_WARN_COMMA = YES;
				CLANG_WARN_CONSTANT_CONVERSION = YES;
				CLANG_WARN_DEPRECATED_OBJC_IMPLEMENTATIONS = YES;
				CLANG_WARN_DIRECT_OBJC_ISA_USAGE = YES_ERROR;
				CLANG_WARN_DOCUMENTATION_COMMENTS = YES;
				CLANG_WARN_EMPTY_BODY = YES;
				CLANG_WARN_ENUM_CONVERSION = YES;
				CLANG_WARN_INFINITE_RECURSION = YES;
				CLANG_WARN_INT_CONVERSION = YES;
				CLANG_WARN_NON_LITERAL_NULL_CONVERSION = YES;
				CLANG_WARN_OBJC_IMPLICIT_RETAIN_SELF = YES;
				CLANG_WARN_OBJC_LITERAL_CONVERSION = YES;
				CLANG_WARN_OBJC_ROOT_CLASS = YES_ERROR;
				CLANG_WARN_QUOTED_INCLUDE_IN_FRAMEWORK_HEADER = YES;
				CLANG_WARN_RANGE_LOOP_ANALYSIS = YES;
				CLANG_WARN_STRICT_PROTOTYPES = YES;
				CLANG_WARN_SUSPICIOUS_MOVE = YES;
				CLANG_WARN_UNGUARDED_AVAILABILITY = YES_AGGRESSIVE;
				CLANG_WARN_UNREACHABLE_CODE = YES;
				CLANG_WARN__DUPLICATE_METHOD_MATCH = YES;
				COPY_PHASE_STRIP = NO;
				DEBUG_INFORMATION_FORMAT = "dwarf-with-dsym";
				ENABLE_NS_ASSERTIONS = NO;
				ENABLE_STRICT_OBJC_MSGSEND = YES;
				GCC_C_LANGUAGE_STANDARD = gnu11;
				GCC_NO_COMMON_BLOCKS = YES;
				GCC_WARN_64_TO_32_BIT_CONVERSION = YES;
				GCC_WARN_ABOUT_RETURN_TYPE = YES_ERROR;
				GCC_WARN_UNDECLARED_SELECTOR = YES;
				GCC_WARN_UNINITIALIZED_AUTOS = YES_AGGRESSIVE;
				GCC_WARN_UNUSED_FUNCTION = YES;
				GCC_WARN_UNUSED_VARIABLE = YES;
				IPHONEOS_DEPLOYMENT_TARGET = 16.4;
				MTL_ENABLE_DEBUG_INFO = NO;
				MTL_FAST_MATH = YES;
				SDKROOT = iphoneos;
				SWIFT_COMPILATION_MODE = wholemodule;
				SWIFT_OPTIMIZATION_LEVEL = "-O";
				VALIDATE_PRODUCT = YES;
			};
			name = Release;
		};
		C813FB3B29F19C9B0004C71E /* Debug */ = {
			isa = XCBuildConfiguration;
			buildSettings = {
				ASSETCATALOG_COMPILER_APPICON_NAME = AppIcon;
				ASSETCATALOG_COMPILER_GLOBAL_ACCENT_COLOR_NAME = AccentColor;
				CODE_SIGN_STYLE = Automatic;
				CURRENT_PROJECT_VERSION = 1;
				DEVELOPMENT_ASSET_PATHS = "\"MusicPlayer/Preview Content\"";
				ENABLE_PREVIEWS = YES;
				GENERATE_INFOPLIST_FILE = YES;
				INFOPLIST_KEY_UIApplicationSceneManifest_Generation = YES;
				INFOPLIST_KEY_UIApplicationSupportsIndirectInputEvents = YES;
				INFOPLIST_KEY_UILaunchScreen_Generation = YES;
				INFOPLIST_KEY_UISupportedInterfaceOrientations_iPad = "UIInterfaceOrientationPortrait UIInterfaceOrientationPortraitUpsideDown UIInterfaceOrientationLandscapeLeft UIInterfaceOrientationLandscapeRight";
				INFOPLIST_KEY_UISupportedInterfaceOrientations_iPhone = "UIInterfaceOrientationPortrait UIInterfaceOrientationLandscapeLeft UIInterfaceOrientationLandscapeRight";
				LD_RUNPATH_SEARCH_PATHS = (
					"$(inherited)",
					"@executable_path/Frameworks",
				);
				MARKETING_VERSION = 1.0;
				PRODUCT_BUNDLE_IDENTIFIER = com.evalentina.MusicPlayer;
				PRODUCT_NAME = "$(TARGET_NAME)";
				SWIFT_EMIT_LOC_STRINGS = YES;
				SWIFT_VERSION = 5.0;
				TARGETED_DEVICE_FAMILY = "1,2";
			};
			name = Debug;
		};
		C813FB3C29F19C9B0004C71E /* Release */ = {
			isa = XCBuildConfiguration;
			buildSettings = {
				ASSETCATALOG_COMPILER_APPICON_NAME = AppIcon;
				ASSETCATALOG_COMPILER_GLOBAL_ACCENT_COLOR_NAME = AccentColor;
				CODE_SIGN_STYLE = Automatic;
				CURRENT_PROJECT_VERSION = 1;
				DEVELOPMENT_ASSET_PATHS = "\"MusicPlayer/Preview Content\"";
				ENABLE_PREVIEWS = YES;
				GENERATE_INFOPLIST_FILE = YES;
				INFOPLIST_KEY_UIApplicationSceneManifest_Generation = YES;
				INFOPLIST_KEY_UIApplicationSupportsIndirectInputEvents = YES;
				INFOPLIST_KEY_UILaunchScreen_Generation = YES;
				INFOPLIST_KEY_UISupportedInterfaceOrientations_iPad = "UIInterfaceOrientationPortrait UIInterfaceOrientationPortraitUpsideDown UIInterfaceOrientationLandscapeLeft UIInterfaceOrientationLandscapeRight";
				INFOPLIST_KEY_UISupportedInterfaceOrientations_iPhone = "UIInterfaceOrientationPortrait UIInterfaceOrientationLandscapeLeft UIInterfaceOrientationLandscapeRight";
				LD_RUNPATH_SEARCH_PATHS = (
					"$(inherited)",
					"@executable_path/Frameworks",
				);
				MARKETING_VERSION = 1.0;
				PRODUCT_BUNDLE_IDENTIFIER = com.evalentina.MusicPlayer;
				PRODUCT_NAME = "$(TARGET_NAME)";
				SWIFT_EMIT_LOC_STRINGS = YES;
				SWIFT_VERSION = 5.0;
				TARGETED_DEVICE_FAMILY = "1,2";
			};
			name = Release;
		};
/* End XCBuildConfiguration section */

/* Begin XCConfigurationList section */
		C813FB2729F19C9A0004C71E /* Build configuration list for PBXProject "MusicPlayer" */ = {
			isa = XCConfigurationList;
			buildConfigurations = (
				C813FB3829F19C9B0004C71E /* Debug */,
				C813FB3929F19C9B0004C71E /* Release */,
			);
			defaultConfigurationIsVisible = 0;
			defaultConfigurationName = Release;
		};
		C813FB3A29F19C9B0004C71E /* Build configuration list for PBXNativeTarget "MusicPlayer" */ = {
			isa = XCConfigurationList;
			buildConfigurations = (
				C813FB3B29F19C9B0004C71E /* Debug */,
				C813FB3C29F19C9B0004C71E /* Release */,
			);
			defaultConfigurationIsVisible = 0;
			defaultConfigurationName = Release;
		};
/* End XCConfigurationList section */

/* Begin XCRemoteSwiftPackageReference section */
		C81DCB962A041B3C006BA515 /* XCRemoteSwiftPackageReference "SDWebImageSwiftUI" */ = {
			isa = XCRemoteSwiftPackageReference;
			repositoryURL = "https://github.com/SDWebImage/SDWebImageSwiftUI.git";
			requirement = {
				kind = upToNextMajorVersion;
				minimumVersion = 2.0.0;
			};
		};
/* End XCRemoteSwiftPackageReference section */

/* Begin XCSwiftPackageProductDependency section */
		C81DCB972A041B3C006BA515 /* SDWebImageSwiftUI */ = {
			isa = XCSwiftPackageProductDependency;
			package = C81DCB962A041B3C006BA515 /* XCRemoteSwiftPackageReference "SDWebImageSwiftUI" */;
			productName = SDWebImageSwiftUI;
		};
/* End XCSwiftPackageProductDependency section */
	};
	rootObject = C813FB2429F19C9A0004C71E /* Project object */;
}
